{
  "requires": true,
  "lockfileVersion": 1,
  "dependencies": {
    "@oracle/oraclejet-templates": {
      "version": "5.0.2",
      "resolved": "https://registry.npmjs.org/@oracle/oraclejet-templates/-/oraclejet-templates-5.0.2.tgz",
      "integrity": "sha1-RAbMN2wVS8EV3CUA1wl8JLSH6A4="
    }
  }
}
